Microsoft Visual Studio Solution File, Format Version 12.00
# Visual Studio Version 16
VisualStudioVersion = 16.0.29920.165
MinimumVisualStudioVersion = 15.0.26124.0
Project("{D954291E-2A0B-460D-934E-DC6B0785DB48}") = "lols.Shared", "lols.Shared\lols.Shared.shproj", "{6279C845-92F8-4333-AB99-3D213163593C}"
EndProject
Project("{FAE04EC0-301F-11D3-BF4B-00C04F79EFBC}") = "lols.Mobile", "lols.Mobile\lols.Mobile.csproj", "{F03AF8C3-37A5-4715-AF36-9557D6B8854F}"
EndProject

Global
	GlobalSection(SharedMSBuildProjectFiles) = preSolution
		lols.Shared\lols.Shared.projitems*{1aa13270-f438-4864-9435-54fd806e10ea}*SharedItemsImports = 5
		lols.Shared\lols.Shared.projitems*{9AC82EB0-4F85-4C10-9C2B-921BFDA9C6B4}*SharedItemsImports = 4
		lols.Shared\lols.Shared.projitems*{40ea03f7-8a22-4143-b251-79bac3eb13d2}*SharedItemsImports = 5
		lols.Shared\lols.Shared.projitems*{B35BA2D0-1B1B-4707-9243-DB4796E5D8D8}*SharedItemsImports = 5
		lols.Shared\lols.Shared.projitems*{6279c845-92f8-4333-ab99-3d213163593c}*SharedItemsImports = 13
		lols.Shared\lols.Shared.projitems*{6526AFB7-09A9-4781-9D8E-D6D532C086D1}*SharedItemsImports = 4
		lols.Shared\lols.Shared.projitems*{90E5E8CB-8E77-40CF-B3C5-77DBF4F64FE5}*SharedItemsImports = 4
		lols.Shared\lols.Shared.projitems*{a5b8155a-118f-4794-b551-c6f3cf7e5411}*SharedItemsImports = 5
		lols.Shared\lols.Shared.projitems*{F03AF8C3-37A5-4715-AF36-9557D6B8854F}*SharedItemsImports = 4
	EndGlobalSection
	GlobalSection(SolutionConfigurationPlatforms) = preSolution
		Debug|Any CPU = Debug|Any CPU
		Debug|ARM = Debug|ARM
		Debug|ARM64 = Debug|ARM64
		Debug|iPhone = Debug|iPhone
		Debug|iPhoneSimulator = Debug|iPhoneSimulator
		Debug|x64 = Debug|x64
		Debug|x86 = Debug|x86
		Release|Any CPU = Release|Any CPU
		Release|ARM = Release|ARM
		Release|ARM64 = Release|ARM64
		Release|iPhone = Release|iPhone
		Release|iPhoneSimulator = Release|iPhoneSimulator
		Release|x64 = Release|x64
		Release|x86 = Release|x86
	EndGlobalSection
	GlobalSection(ProjectConfigurationPlatforms) = postSolution
		{F03AF8C3-37A5-4715-AF36-9557D6B8854F}.Debug|Any CPU.ActiveCfg = Debug|Any CPU
		{F03AF8C3-37A5-4715-AF36-9557D6B8854F}.Debug|Any CPU.Build.0 = Debug|Any CPU
		{F03AF8C3-37A5-4715-AF36-9557D6B8854F}.Debug|Any CPU.Deploy.0 = Debug|Any CPU
		{F03AF8C3-37A5-4715-AF36-9557D6B8854F}.Debug|ARM.ActiveCfg = Debug|Any CPU
		{F03AF8C3-37A5-4715-AF36-9557D6B8854F}.Debug|ARM.Build.0 = Debug|Any CPU
		{F03AF8C3-37A5-4715-AF36-9557D6B8854F}.Debug|ARM.Deploy.0 = Debug|Any CPU
		{F03AF8C3-37A5-4715-AF36-9557D6B8854F}.Debug|ARM64.ActiveCfg = Debug|Any CPU
		{F03AF8C3-37A5-4715-AF36-9557D6B8854F}.Debug|ARM64.Build.0 = Debug|Any CPU
		{F03AF8C3-37A5-4715-AF36-9557D6B8854F}.Debug|ARM64.Deploy.0 = Debug|Any CPU
		{F03AF8C3-37A5-4715-AF36-9557D6B8854F}.Debug|iPhone.ActiveCfg = Debug|Any CPU
		{F03AF8C3-37A5-4715-AF36-9557D6B8854F}.Debug|iPhone.Build.0 = Debug|Any CPU
		{F03AF8C3-37A5-4715-AF36-9557D6B8854F}.Debug|iPhone.Deploy.0 = Debug|Any CPU
		{F03AF8C3-37A5-4715-AF36-9557D6B8854F}.Debug|iPhoneSimulator.ActiveCfg = Debug|Any CPU
		{F03AF8C3-37A5-4715-AF36-9557D6B8854F}.Debug|iPhoneSimulator.Build.0 = Debug|Any CPU
		{F03AF8C3-37A5-4715-AF36-9557D6B8854F}.Debug|iPhoneSimulator.Deploy.0 = Debug|Any CPU
		{F03AF8C3-37A5-4715-AF36-9557D6B8854F}.Debug|x64.ActiveCfg = Debug|Any CPU
		{F03AF8C3-37A5-4715-AF36-9557D6B8854F}.Debug|x64.Build.0 = Debug|Any CPU
		{F03AF8C3-37A5-4715-AF36-9557D6B8854F}.Debug|x64.Deploy.0 = Debug|Any CPU
		{F03AF8C3-37A5-4715-AF36-9557D6B8854F}.Debug|x86.ActiveCfg = Debug|Any CPU
		{F03AF8C3-37A5-4715-AF36-9557D6B8854F}.Debug|x86.Build.0 = Debug|Any CPU
		{F03AF8C3-37A5-4715-AF36-9557D6B8854F}.Debug|x86.Deploy.0 = Debug|Any CPU
		{F03AF8C3-37A5-4715-AF36-9557D6B8854F}.Release|Any CPU.ActiveCfg = Release|Any CPU
		{F03AF8C3-37A5-4715-AF36-9557D6B8854F}.Release|Any CPU.Build.0 = Release|Any CPU
		{F03AF8C3-37A5-4715-AF36-9557D6B8854F}.Release|Any CPU.Deploy.0 = Release|Any CPU
		{F03AF8C3-37A5-4715-AF36-9557D6B8854F}.Release|ARM.ActiveCfg = Release|Any CPU
		{F03AF8C3-37A5-4715-AF36-9557D6B8854F}.Release|ARM.Build.0 = Release|Any CPU
		{F03AF8C3-37A5-4715-AF36-9557D6B8854F}.Release|ARM.Deploy.0 = Release|Any CPU
		{F03AF8C3-37A5-4715-AF36-9557D6B8854F}.Release|ARM64.ActiveCfg = Release|Any CPU
		{F03AF8C3-37A5-4715-AF36-9557D6B8854F}.Release|ARM64.Build.0 = Release|Any CPU
		{F03AF8C3-37A5-4715-AF36-9557D6B8854F}.Release|ARM64.Deploy.0 = Release|Any CPU
		{F03AF8C3-37A5-4715-AF36-9557D6B8854F}.Release|iPhone.ActiveCfg = Release|Any CPU
		{F03AF8C3-37A5-4715-AF36-9557D6B8854F}.Release|iPhone.Build.0 = Release|Any CPU
		{F03AF8C3-37A5-4715-AF36-9557D6B8854F}.Release|iPhone.Deploy.0 = Release|Any CPU
		{F03AF8C3-37A5-4715-AF36-9557D6B8854F}.Release|iPhoneSimulator.ActiveCfg = Release|Any CPU
		{F03AF8C3-37A5-4715-AF36-9557D6B8854F}.Release|iPhoneSimulator.Build.0 = Release|Any CPU
		{F03AF8C3-37A5-4715-AF36-9557D6B8854F}.Release|iPhoneSimulator.Deploy.0 = Release|Any CPU
		{F03AF8C3-37A5-4715-AF36-9557D6B8854F}.Release|x64.ActiveCfg = Release|Any CPU
		{F03AF8C3-37A5-4715-AF36-9557D6B8854F}.Release|x64.Build.0 = Release|Any CPU
		{F03AF8C3-37A5-4715-AF36-9557D6B8854F}.Release|x64.Deploy.0 = Release|Any CPU
		{F03AF8C3-37A5-4715-AF36-9557D6B8854F}.Release|x86.ActiveCfg = Release|Any CPU
		{F03AF8C3-37A5-4715-AF36-9557D6B8854F}.Release|x86.Build.0 = Release|Any CPU
		{F03AF8C3-37A5-4715-AF36-9557D6B8854F}.Release|x86.Deploy.0 = Release|Any CPU
		{90E5E8CB-8E77-40CF-B3C5-77DBF4F64FE5}.Debug|Any CPU.ActiveCfg = Debug|iPhone
		{90E5E8CB-8E77-40CF-B3C5-77DBF4F64FE5}.Debug|Any CPU.Build.0 = Debug|iPhone
		{90E5E8CB-8E77-40CF-B3C5-77DBF4F64FE5}.Debug|Any CPU.Deploy.0 = Debug|iPhone
		{90E5E8CB-8E77-40CF-B3C5-77DBF4F64FE5}.Debug|ARM.ActiveCfg = Debug|iPhone
		{90E5E8CB-8E77-40CF-B3C5-77DBF4F64FE5}.Debug|ARM64.ActiveCfg = Debug|iPhone
		{90E5E8CB-8E77-40CF-B3C5-77DBF4F64FE5}.Debug|iPhone.ActiveCfg = Debug|iPhone
		{90E5E8CB-8E77-40CF-B3C5-77DBF4F64FE5}.Debug|iPhone.Build.0 = Debug|iPhone
		{90E5E8CB-8E77-40CF-B3C5-77DBF4F64FE5}.Debug|iPhoneSimulator.ActiveCfg = Debug|iPhoneSimulator
		{90E5E8CB-8E77-40CF-B3C5-77DBF4F64FE5}.Debug|iPhoneSimulator.Build.0 = Debug|iPhoneSimulator
		{90E5E8CB-8E77-40CF-B3C5-77DBF4F64FE5}.Debug|x64.ActiveCfg = Debug|iPhone
		{90E5E8CB-8E77-40CF-B3C5-77DBF4F64FE5}.Debug|x64.Build.0 = Debug|iPhone
		{90E5E8CB-8E77-40CF-B3C5-77DBF4F64FE5}.Debug|x64.Deploy.0 = Debug|iPhone
		{90E5E8CB-8E77-40CF-B3C5-77DBF4F64FE5}.Debug|x86.ActiveCfg = Debug|iPhoneSimulator
		{90E5E8CB-8E77-40CF-B3C5-77DBF4F64FE5}.Debug|x86.Build.0 = Debug|iPhoneSimulator
		{90E5E8CB-8E77-40CF-B3C5-77DBF4F64FE5}.Debug|x86.Deploy.0 = Debug|iPhoneSimulator
		{90E5E8CB-8E77-40CF-B3C5-77DBF4F64FE5}.Release|Any CPU.ActiveCfg = Release|iPhone
		{90E5E8CB-8E77-40CF-B3C5-77DBF4F64FE5}.Release|ARM.ActiveCfg = Release|iPhone
		{90E5E8CB-8E77-40CF-B3C5-77DBF4F64FE5}.Release|ARM64.ActiveCfg = Release|iPhone
		{90E5E8CB-8E77-40CF-B3C5-77DBF4F64FE5}.Release|iPhone.ActiveCfg = Release|iPhone
		{90E5E8CB-8E77-40CF-B3C5-77DBF4F64FE5}.Release|iPhone.Build.0 = Release|iPhone
		{90E5E8CB-8E77-40CF-B3C5-77DBF4F64FE5}.Release|iPhoneSimulator.ActiveCfg = Release|iPhoneSimulator
		{90E5E8CB-8E77-40CF-B3C5-77DBF4F64FE5}.Release|iPhoneSimulator.Build.0 = Release|iPhoneSimulator
		{90E5E8CB-8E77-40CF-B3C5-77DBF4F64FE5}.Release|x64.ActiveCfg = Release|iPhoneSimulator
		{90E5E8CB-8E77-40CF-B3C5-77DBF4F64FE5}.Release|x64.Build.0 = Release|iPhoneSimulator
		{90E5E8CB-8E77-40CF-B3C5-77DBF4F64FE5}.Release|x64.Deploy.0 = Release|iPhoneSimulator
		{90E5E8CB-8E77-40CF-B3C5-77DBF4F64FE5}.Release|x86.ActiveCfg = Release|iPhoneSimulator
		{90E5E8CB-8E77-40CF-B3C5-77DBF4F64FE5}.Release|x86.Build.0 = Release|iPhoneSimulator
		{6526AFB7-09A9-4781-9D8E-D6D532C086D1}.Debug|Any CPU.ActiveCfg = Debug|x86
		{6526AFB7-09A9-4781-9D8E-D6D532C086D1}.Debug|Any CPU.Build.0 = Debug|x86
		{6526AFB7-09A9-4781-9D8E-D6D532C086D1}.Debug|Any CPU.Deploy.0 = Debug|x86
		{6526AFB7-09A9-4781-9D8E-D6D532C086D1}.Debug|ARM.ActiveCfg = Debug|ARM
		{6526AFB7-09A9-4781-9D8E-D6D532C086D1}.Debug|ARM.Build.0 = Debug|ARM
		{6526AFB7-09A9-4781-9D8E-D6D532C086D1}.Debug|ARM.Deploy.0 = Debug|ARM
		{6526AFB7-09A9-4781-9D8E-D6D532C086D1}.Debug|ARM64.ActiveCfg = Debug|ARM64
		{6526AFB7-09A9-4781-9D8E-D6D532C086D1}.Debug|ARM64.Build.0 = Debug|ARM64
		{6526AFB7-09A9-4781-9D8E-D6D532C086D1}.Debug|ARM64.Deploy.0 = Debug|ARM64
		{6526AFB7-09A9-4781-9D8E-D6D532C086D1}.Debug|iPhone.ActiveCfg = Debug|x86
		{6526AFB7-09A9-4781-9D8E-D6D532C086D1}.Debug|iPhone.Build.0 = Debug|x86
		{6526AFB7-09A9-4781-9D8E-D6D532C086D1}.Debug|iPhone.Deploy.0 = Debug|x86
		{6526AFB7-09A9-4781-9D8E-D6D532C086D1}.Debug|iPhoneSimulator.ActiveCfg = Debug|x86
		{6526AFB7-09A9-4781-9D8E-D6D532C086D1}.Debug|iPhoneSimulator.Build.0 = Debug|x86
		{6526AFB7-09A9-4781-9D8E-D6D532C086D1}.Debug|iPhoneSimulator.Deploy.0 = Debug|x86
		{6526AFB7-09A9-4781-9D8E-D6D532C086D1}.Debug|x64.ActiveCfg = Debug|x64
		{6526AFB7-09A9-4781-9D8E-D6D532C086D1}.Debug|x64.Build.0 = Debug|x64
		{6526AFB7-09A9-4781-9D8E-D6D532C086D1}.Debug|x64.Deploy.0 = Debug|x64
		{6526AFB7-09A9-4781-9D8E-D6D532C086D1}.Debug|x86.ActiveCfg = Debug|x86
		{6526AFB7-09A9-4781-9D8E-D6D532C086D1}.Debug|x86.Build.0 = Debug|x86
		{6526AFB7-09A9-4781-9D8E-D6D532C086D1}.Debug|x86.Deploy.0 = Debug|x86
		{6526AFB7-09A9-4781-9D8E-D6D532C086D1}.Release|Any CPU.ActiveCfg = Release|x86
		{6526AFB7-09A9-4781-9D8E-D6D532C086D1}.Release|ARM.ActiveCfg = Release|ARM
		{6526AFB7-09A9-4781-9D8E-D6D532C086D1}.Release|ARM.Build.0 = Release|ARM
		{6526AFB7-09A9-4781-9D8E-D6D532C086D1}.Release|ARM.Deploy.0 = Release|ARM
		{6526AFB7-09A9-4781-9D8E-D6D532C086D1}.Release|ARM64.ActiveCfg = Release|ARM64
		{6526AFB7-09A9-4781-9D8E-D6D532C086D1}.Release|ARM64.Build.0 = Release|ARM64
		{6526AFB7-09A9-4781-9D8E-D6D532C086D1}.Release|ARM64.Deploy.0 = Release|ARM64
		{6526AFB7-09A9-4781-9D8E-D6D532C086D1}.Release|iPhone.ActiveCfg = Release|x86
		{6526AFB7-09A9-4781-9D8E-D6D532C086D1}.Release|iPhone.Build.0 = Release|x86
		{6526AFB7-09A9-4781-9D8E-D6D532C086D1}.Release|iPhoneSimulator.ActiveCfg = Release|x86
		{6526AFB7-09A9-4781-9D8E-D6D532C086D1}.Release|iPhoneSimulator.Build.0 = Release|x86
		{6526AFB7-09A9-4781-9D8E-D6D532C086D1}.Release|iPhoneSimulator.Deploy.0 = Release|x86
		{6526AFB7-09A9-4781-9D8E-D6D532C086D1}.Release|x64.ActiveCfg = Release|x64
		{6526AFB7-09A9-4781-9D8E-D6D532C086D1}.Release|x64.Build.0 = Release|x64
		{6526AFB7-09A9-4781-9D8E-D6D532C086D1}.Release|x64.Deploy.0 = Release|x64
		{6526AFB7-09A9-4781-9D8E-D6D532C086D1}.Release|x86.ActiveCfg = Release|x86
		{6526AFB7-09A9-4781-9D8E-D6D532C086D1}.Release|x86.Build.0 = Release|x86
		{6526AFB7-09A9-4781-9D8E-D6D532C086D1}.Release|x86.Deploy.0 = Release|x86
		{9AC82EB0-4F85-4C10-9C2B-921BFDA9C6B4}.Debug|Any CPU.ActiveCfg = Debug|iPhoneSimulator
		{9AC82EB0-4F85-4C10-9C2B-921BFDA9C6B4}.Debug|Any CPU.Build.0 = Debug|iPhoneSimulator
		{9AC82EB0-4F85-4C10-9C2B-921BFDA9C6B4}.Debug|ARM.ActiveCfg = Debug|iPhoneSimulator
		{9AC82EB0-4F85-4C10-9C2B-921BFDA9C6B4}.Debug|ARM64.ActiveCfg = Debug|iPhoneSimulator
		{9AC82EB0-4F85-4C10-9C2B-921BFDA9C6B4}.Debug|iPhone.ActiveCfg = Debug|iPhoneSimulator
		{9AC82EB0-4F85-4C10-9C2B-921BFDA9C6B4}.Debug|iPhone.Build.0 = Debug|iPhoneSimulator
		{9AC82EB0-4F85-4C10-9C2B-921BFDA9C6B4}.Debug|iPhoneSimulator.ActiveCfg = Debug|iPhoneSimulator
		{9AC82EB0-4F85-4C10-9C2B-921BFDA9C6B4}.Debug|iPhoneSimulator.Build.0 = Debug|iPhoneSimulator
		{9AC82EB0-4F85-4C10-9C2B-921BFDA9C6B4}.Debug|x64.ActiveCfg = Debug|iPhoneSimulator
		{9AC82EB0-4F85-4C10-9C2B-921BFDA9C6B4}.Debug|x64.Build.0 = Debug|iPhoneSimulator
		{9AC82EB0-4F85-4C10-9C2B-921BFDA9C6B4}.Debug|x86.ActiveCfg = Debug|iPhoneSimulator
		{9AC82EB0-4F85-4C10-9C2B-921BFDA9C6B4}.Debug|x86.Build.0 = Debug|iPhoneSimulator
		{9AC82EB0-4F85-4C10-9C2B-921BFDA9C6B4}.Release|Any CPU.ActiveCfg = Release|iPhoneSimulator
		{9AC82EB0-4F85-4C10-9C2B-921BFDA9C6B4}.Release|ARM.ActiveCfg = Release|iPhoneSimulator
		{9AC82EB0-4F85-4C10-9C2B-921BFDA9C6B4}.Release|ARM64.ActiveCfg = Release|iPhoneSimulator
		{9AC82EB0-4F85-4C10-9C2B-921BFDA9C6B4}.Release|iPhone.ActiveCfg = Release|iPhoneSimulator
		{9AC82EB0-4F85-4C10-9C2B-921BFDA9C6B4}.Release|iPhone.Build.0 = Release|iPhoneSimulator
		{9AC82EB0-4F85-4C10-9C2B-921BFDA9C6B4}.Release|iPhoneSimulator.ActiveCfg = Release|iPhoneSimulator
		{9AC82EB0-4F85-4C10-9C2B-921BFDA9C6B4}.Release|iPhoneSimulator.Build.0 = Release|iPhoneSimulator
		{9AC82EB0-4F85-4C10-9C2B-921BFDA9C6B4}.Release|x64.ActiveCfg = Release|iPhoneSimulator
		{9AC82EB0-4F85-4C10-9C2B-921BFDA9C6B4}.Release|x64.Build.0 = Release|iPhoneSimulator
		{9AC82EB0-4F85-4C10-9C2B-921BFDA9C6B4}.Release|x86.ActiveCfg = Release|iPhoneSimulator
		{9AC82EB0-4F85-4C10-9C2B-921BFDA9C6B4}.Release|x86.Build.0 = Release|iPhoneSimulator
		{04D3A50A-BD96-4168-A331-3AC5E63800DE}.Debug|Any CPU.ActiveCfg = Debug|arm64
		{04D3A50A-BD96-4168-A331-3AC5E63800DE}.Debug|Any CPU.Build.0 = Debug|arm64
		{04D3A50A-BD96-4168-A331-3AC5E63800DE}.Debug|ARM.ActiveCfg = Debug|Any CPU
		{04D3A50A-BD96-4168-A331-3AC5E63800DE}.Debug|ARM.Build.0 = Debug|Any CPU
		{04D3A50A-BD96-4168-A331-3AC5E63800DE}.Debug|ARM64.ActiveCfg = Debug|arm64
		{04D3A50A-BD96-4168-A331-3AC5E63800DE}.Debug|ARM64.Build.0 = Debug|arm64
		{04D3A50A-BD96-4168-A331-3AC5E63800DE}.Debug|iPhone.ActiveCfg = Debug|Any CPU
		{04D3A50A-BD96-4168-A331-3AC5E63800DE}.Debug|iPhone.Build.0 = Debug|Any CPU
		{04D3A50A-BD96-4168-A331-3AC5E63800DE}.Debug|iPhoneSimulator.ActiveCfg = Debug|Any CPU
		{04D3A50A-BD96-4168-A331-3AC5E63800DE}.Debug|iPhoneSimulator.Build.0 = Debug|Any CPU
		{04D3A50A-BD96-4168-A331-3AC5E63800DE}.Debug|x64.ActiveCfg = Debug|x64
		{04D3A50A-BD96-4168-A331-3AC5E63800DE}.Debug|x64.Build.0 = Debug|x64
		{04D3A50A-BD96-4168-A331-3AC5E63800DE}.Debug|x86.ActiveCfg = Debug|x86
		{04D3A50A-BD96-4168-A331-3AC5E63800DE}.Debug|x86.Build.0 = Debug|x86
		{04D3A50A-BD96-4168-A331-3AC5E63800DE}.Release|Any CPU.ActiveCfg = Release|Any CPU
		{04D3A50A-BD96-4168-A331-3AC5E63800DE}.Release|Any CPU.Build.0 = Release|Any CPU
		{04D3A50A-BD96-4168-A331-3AC5E63800DE}.Release|ARM.ActiveCfg = Release|Any CPU
		{04D3A50A-BD96-4168-A331-3AC5E63800DE}.Release|ARM.Build.0 = Release|Any CPU
		{04D3A50A-BD96-4168-A331-3AC5E63800DE}.Release|ARM64.ActiveCfg = Release|arm64
		{04D3A50A-BD96-4168-A331-3AC5E63800DE}.Release|ARM64.Build.0 = Release|arm64
		{04D3A50A-BD96-4168-A331-3AC5E63800DE}.Release|iPhone.ActiveCfg = Release|Any CPU
		{04D3A50A-BD96-4168-A331-3AC5E63800DE}.Release|iPhone.Build.0 = Release|Any CPU
		{04D3A50A-BD96-4168-A331-3AC5E63800DE}.Release|iPhoneSimulator.ActiveCfg = Release|Any CPU
		{04D3A50A-BD96-4168-A331-3AC5E63800DE}.Release|iPhoneSimulator.Build.0 = Release|Any CPU
		{04D3A50A-BD96-4168-A331-3AC5E63800DE}.Release|x64.ActiveCfg = Release|x64
		{04D3A50A-BD96-4168-A331-3AC5E63800DE}.Release|x64.Build.0 = Release|x64
		{04D3A50A-BD96-4168-A331-3AC5E63800DE}.Release|x86.ActiveCfg = Release|x86
		{04D3A50A-BD96-4168-A331-3AC5E63800DE}.Release|x86.Build.0 = Release|x86
		{755AB5A3-C482-41AE-AEFD-17BB3D10C8F8}.Debug|Any CPU.ActiveCfg = Debug|Any CPU
		{755AB5A3-C482-41AE-AEFD-17BB3D10C8F8}.Debug|Any CPU.Build.0 = Debug|Any CPU
		{755AB5A3-C482-41AE-AEFD-17BB3D10C8F8}.Debug|Any CPU.Deploy.0 = Debug|Any CPU
		{755AB5A3-C482-41AE-AEFD-17BB3D10C8F8}.Debug|ARM.ActiveCfg = Debug|Any CPU
		{755AB5A3-C482-41AE-AEFD-17BB3D10C8F8}.Debug|ARM.Build.0 = Debug|Any CPU
		{755AB5A3-C482-41AE-AEFD-17BB3D10C8F8}.Debug|ARM.Deploy.0 = Debug|Any CPU
		{755AB5A3-C482-41AE-AEFD-17BB3D10C8F8}.Debug|ARM64.ActiveCfg = Debug|Any CPU
		{755AB5A3-C482-41AE-AEFD-17BB3D10C8F8}.Debug|ARM64.Build.0 = Debug|Any CPU
		{755AB5A3-C482-41AE-AEFD-17BB3D10C8F8}.Debug|ARM64.Deploy.0 = Debug|Any CPU
		{755AB5A3-C482-41AE-AEFD-17BB3D10C8F8}.Debug|iPhone.ActiveCfg = Debug|Any CPU
		{755AB5A3-C482-41AE-AEFD-17BB3D10C8F8}.Debug|iPhone.Build.0 = Debug|Any CPU
		{755AB5A3-C482-41AE-AEFD-17BB3D10C8F8}.Debug|iPhone.Deploy.0 = Debug|Any CPU
		{755AB5A3-C482-41AE-AEFD-17BB3D10C8F8}.Debug|iPhoneSimulator.ActiveCfg = Debug|Any CPU
		{755AB5A3-C482-41AE-AEFD-17BB3D10C8F8}.Debug|iPhoneSimulator.Build.0 = Debug|Any CPU
		{755AB5A3-C482-41AE-AEFD-17BB3D10C8F8}.Debug|iPhoneSimulator.Deploy.0 = Debug|Any CPU
		{755AB5A3-C482-41AE-AEFD-17BB3D10C8F8}.Debug|x64.ActiveCfg = Debug|Any CPU
		{755AB5A3-C482-41AE-AEFD-17BB3D10C8F8}.Debug|x64.Build.0 = Debug|Any CPU
		{755AB5A3-C482-41AE-AEFD-17BB3D10C8F8}.Debug|x64.Deploy.0 = Debug|Any CPU
		{755AB5A3-C482-41AE-AEFD-17BB3D10C8F8}.Debug|x86.ActiveCfg = Debug|Any CPU
		{755AB5A3-C482-41AE-AEFD-17BB3D10C8F8}.Debug|x86.Build.0 = Debug|Any CPU
		{755AB5A3-C482-41AE-AEFD-17BB3D10C8F8}.Debug|x86.Deploy.0 = Debug|Any CPU
		{755AB5A3-C482-41AE-AEFD-17BB3D10C8F8}.Release|Any CPU.ActiveCfg = Release|Any CPU
		{755AB5A3-C482-41AE-AEFD-17BB3D10C8F8}.Release|Any CPU.Build.0 = Release|Any CPU
		{755AB5A3-C482-41AE-AEFD-17BB3D10C8F8}.Release|ARM.ActiveCfg = Release|Any CPU
		{755AB5A3-C482-41AE-AEFD-17BB3D10C8F8}.Release|ARM.Build.0 = Release|Any CPU
		{755AB5A3-C482-41AE-AEFD-17BB3D10C8F8}.Release|ARM.Deploy.0 = Release|Any CPU
		{755AB5A3-C482-41AE-AEFD-17BB3D10C8F8}.Release|ARM64.ActiveCfg = Release|Any CPU
		{755AB5A3-C482-41AE-AEFD-17BB3D10C8F8}.Release|ARM64.Build.0 = Release|Any CPU
		{755AB5A3-C482-41AE-AEFD-17BB3D10C8F8}.Release|ARM64.Deploy.0 = Release|Any CPU
		{755AB5A3-C482-41AE-AEFD-17BB3D10C8F8}.Release|iPhone.ActiveCfg = Release|Any CPU
		{755AB5A3-C482-41AE-AEFD-17BB3D10C8F8}.Release|iPhone.Build.0 = Release|Any CPU
		{755AB5A3-C482-41AE-AEFD-17BB3D10C8F8}.Release|iPhoneSimulator.ActiveCfg = Release|Any CPU
		{755AB5A3-C482-41AE-AEFD-17BB3D10C8F8}.Release|iPhoneSimulator.Build.0 = Release|Any CPU
		{755AB5A3-C482-41AE-AEFD-17BB3D10C8F8}.Release|iPhoneSimulator.Deploy.0 = Release|Any CPU
		{755AB5A3-C482-41AE-AEFD-17BB3D10C8F8}.Release|x64.ActiveCfg = Release|Any CPU
		{755AB5A3-C482-41AE-AEFD-17BB3D10C8F8}.Release|x64.Build.0 = Release|Any CPU
		{755AB5A3-C482-41AE-AEFD-17BB3D10C8F8}.Release|x64.Deploy.0 = Release|Any CPU
		{755AB5A3-C482-41AE-AEFD-17BB3D10C8F8}.Release|x86.ActiveCfg = Release|Any CPU
		{755AB5A3-C482-41AE-AEFD-17BB3D10C8F8}.Release|x86.Build.0 = Release|Any CPU
		{755AB5A3-C482-41AE-AEFD-17BB3D10C8F8}.Release|x86.Deploy.0 = Release|Any CPU
		{AEEEF043-9009-414C-83AC-65727838ADDE}.Debug|Any CPU.ActiveCfg = Debug|x86
		{AEEEF043-9009-414C-83AC-65727838ADDE}.Debug|Any CPU.Build.0 = Debug|x86
		{AEEEF043-9009-414C-83AC-65727838ADDE}.Debug|Any CPU.Deploy.0 = Debug|x86
		{AEEEF043-9009-414C-83AC-65727838ADDE}.Debug|ARM.ActiveCfg = Debug|Any CPU
		{AEEEF043-9009-414C-83AC-65727838ADDE}.Debug|ARM.Build.0 = Debug|Any CPU
		{AEEEF043-9009-414C-83AC-65727838ADDE}.Debug|ARM64.ActiveCfg = Debug|x86
		{AEEEF043-9009-414C-83AC-65727838ADDE}.Debug|ARM64.Build.0 = Debug|x86
		{AEEEF043-9009-414C-83AC-65727838ADDE}.Debug|iPhone.ActiveCfg = Debug|Any CPU
		{AEEEF043-9009-414C-83AC-65727838ADDE}.Debug|iPhone.Build.0 = Debug|Any CPU
		{AEEEF043-9009-414C-83AC-65727838ADDE}.Debug|iPhoneSimulator.ActiveCfg = Debug|Any CPU
		{AEEEF043-9009-414C-83AC-65727838ADDE}.Debug|iPhoneSimulator.Build.0 = Debug|Any CPU
		{AEEEF043-9009-414C-83AC-65727838ADDE}.Debug|x64.ActiveCfg = Debug|x64
		{AEEEF043-9009-414C-83AC-65727838ADDE}.Debug|x64.Build.0 = Debug|x64
		{AEEEF043-9009-414C-83AC-65727838ADDE}.Debug|x64.Deploy.0 = Debug|x64
		{AEEEF043-9009-414C-83AC-65727838ADDE}.Debug|x86.ActiveCfg = Debug|x86
		{AEEEF043-9009-414C-83AC-65727838ADDE}.Debug|x86.Build.0 = Debug|x86
		{AEEEF043-9009-414C-83AC-65727838ADDE}.Debug|x86.Deploy.0 = Debug|x86
		{AEEEF043-9009-414C-83AC-65727838ADDE}.Release|Any CPU.ActiveCfg = Release|Any CPU
		{AEEEF043-9009-414C-83AC-65727838ADDE}.Release|Any CPU.Build.0 = Release|Any CPU
		{AEEEF043-9009-414C-83AC-65727838ADDE}.Release|Any CPU.Deploy.0 = Release|Any CPU
		{AEEEF043-9009-414C-83AC-65727838ADDE}.Release|ARM.ActiveCfg = Release|Any CPU
		{AEEEF043-9009-414C-83AC-65727838ADDE}.Release|ARM.Build.0 = Release|Any CPU
		{AEEEF043-9009-414C-83AC-65727838ADDE}.Release|ARM64.ActiveCfg = Release|x86
		{AEEEF043-9009-414C-83AC-65727838ADDE}.Release|ARM64.Build.0 = Release|x86
		{AEEEF043-9009-414C-83AC-65727838ADDE}.Release|iPhone.ActiveCfg = Release|Any CPU
		{AEEEF043-9009-414C-83AC-65727838ADDE}.Release|iPhone.Build.0 = Release|Any CPU
		{AEEEF043-9009-414C-83AC-65727838ADDE}.Release|iPhoneSimulator.ActiveCfg = Release|Any CPU
		{AEEEF043-9009-414C-83AC-65727838ADDE}.Release|iPhoneSimulator.Build.0 = Release|Any CPU
		{AEEEF043-9009-414C-83AC-65727838ADDE}.Release|x64.ActiveCfg = Release|x64
		{AEEEF043-9009-414C-83AC-65727838ADDE}.Release|x64.Build.0 = Release|x64
		{AEEEF043-9009-414C-83AC-65727838ADDE}.Release|x64.Deploy.0 = Release|x64
		{AEEEF043-9009-414C-83AC-65727838ADDE}.Release|x86.ActiveCfg = Release|x86
		{AEEEF043-9009-414C-83AC-65727838ADDE}.Release|x86.Build.0 = Release|x86
		{AEEEF043-9009-414C-83AC-65727838ADDE}.Release|x86.Deploy.0 = Release|x86
		{7568E2CA-030C-423B-8AB9-61335B6F6863}.Debug|Any CPU.ActiveCfg = Debug|Any CPU
		{7568E2CA-030C-423B-8AB9-61335B6F6863}.Debug|Any CPU.Build.0 = Debug|Any CPU
		{7568E2CA-030C-423B-8AB9-61335B6F6863}.Debug|ARM.ActiveCfg = Debug|Any CPU
		{7568E2CA-030C-423B-8AB9-61335B6F6863}.Debug|ARM.Build.0 = Debug|Any CPU
		{7568E2CA-030C-423B-8AB9-61335B6F6863}.Debug|ARM64.ActiveCfg = Debug|Any CPU
		{7568E2CA-030C-423B-8AB9-61335B6F6863}.Debug|ARM64.Build.0 = Debug|Any CPU
		{7568E2CA-030C-423B-8AB9-61335B6F6863}.Debug|iPhone.ActiveCfg = Debug|Any CPU
		{7568E2CA-030C-423B-8AB9-61335B6F6863}.Debug|iPhone.Build.0 = Debug|Any CPU
		{7568E2CA-030C-423B-8AB9-61335B6F6863}.Debug|iPhoneSimulator.ActiveCfg = Debug|Any CPU
		{7568E2CA-030C-423B-8AB9-61335B6F6863}.Debug|iPhoneSimulator.Build.0 = Debug|Any CPU
		{7568E2CA-030C-423B-8AB9-61335B6F6863}.Debug|x64.ActiveCfg = Debug|Any CPU
		{7568E2CA-030C-423B-8AB9-61335B6F6863}.Debug|x64.Build.0 = Debug|Any CPU
		{7568E2CA-030C-423B-8AB9-61335B6F6863}.Debug|x86.ActiveCfg = Debug|Any CPU
		{7568E2CA-030C-423B-8AB9-61335B6F6863}.Debug|x86.Build.0 = Debug|Any CPU
		{7568E2CA-030C-423B-8AB9-61335B6F6863}.Release|Any CPU.ActiveCfg = Release|Any CPU
		{7568E2CA-030C-423B-8AB9-61335B6F6863}.Release|Any CPU.Build.0 = Release|Any CPU
		{7568E2CA-030C-423B-8AB9-61335B6F6863}.Release|ARM.ActiveCfg = Release|Any CPU
		{7568E2CA-030C-423B-8AB9-61335B6F6863}.Release|ARM.Build.0 = Release|Any CPU
		{7568E2CA-030C-423B-8AB9-61335B6F6863}.Release|ARM64.ActiveCfg = Release|Any CPU
		{7568E2CA-030C-423B-8AB9-61335B6F6863}.Release|ARM64.Build.0 = Release|Any CPU
		{7568E2CA-030C-423B-8AB9-61335B6F6863}.Release|iPhone.ActiveCfg = Release|Any CPU
		{7568E2CA-030C-423B-8AB9-61335B6F6863}.Release|iPhone.Build.0 = Release|Any CPU
		{7568E2CA-030C-423B-8AB9-61335B6F6863}.Release|iPhoneSimulator.ActiveCfg = Release|Any CPU
		{7568E2CA-030C-423B-8AB9-61335B6F6863}.Release|iPhoneSimulator.Build.0 = Release|Any CPU
		{7568E2CA-030C-423B-8AB9-61335B6F6863}.Release|x64.ActiveCfg = Release|Any CPU
		{7568E2CA-030C-423B-8AB9-61335B6F6863}.Release|x64.Build.0 = Release|Any CPU
		{7568E2CA-030C-423B-8AB9-61335B6F6863}.Release|x86.ActiveCfg = Release|Any CPU
		{7568E2CA-030C-423B-8AB9-61335B6F6863}.Release|x86.Build.0 = Release|Any CPU
	EndGlobalSection
	GlobalSection(SolutionProperties) = preSolution
		HideSolutionNode = FALSE
	EndGlobalSection
	GlobalSection(ExtensibilityGlobals) = postSolution
		SolutionGuid = {C7433AE2-B1A0-4C1A-887E-5CAA7AAF67A6}
	EndGlobalSection
EndGlobal
